
Microsoft Visual Studio Solution File, Format Version 12.00
# Visual Studio 15
VisualStudioVersion = 15.0.28307.106
MinimumVisualStudioVersion = 10.0.40219.1
Project("{FAE04EC0-301F-11D3-BF4B-00C04F79EFBC}") = "DSGWGPages", "DSGWGPages\DSGWGPages.csproj", "{4C7D2C56-7E3F-4BF3-9461-D83BF270A20B}"
EndProject
Global
	GlobalSection(SolutionConfigurationPlatforms) = preSolution
		Debug|Any CPU = Debug|Any CPU
		Release|Any CPU = Release|Any CPU
	EndGlobalSection
	GlobalSection(ProjectConfigurationPlatforms) = postSolution
		{4C7D2C56-7E3F-4BF3-9461-D83BF270A20B}.Debug|Any CPU.ActiveCfg = Debug|Any CPU
		{4C7D2C56-7E3F-4BF3-9461-D83BF270A20B}.Debug|Any CPU.Build.0 = Debug|Any CPU
		{4C7D2C56-7E3F-4BF3-9461-D83BF270A20B}.Release|Any CPU.ActiveCfg = Release|Any CPU
		{4C7D2C56-7E3F-4BF3-9461-D83BF270A20B}.Release|Any CPU.Build.0 = Release|Any CPU
	EndGlobalSection
	GlobalSection(SolutionProperties) = preSolution
		HideSolutionNode = FALSE
	EndGlobalSection
	GlobalSection(ExtensibilityGlobals) = postSolution
		SolutionGuid = {8F9C32C1-CB9E-4E40-8A25-2A93D48B8678}
	EndGlobalSection
EndGlobal
